
Microsoft Visual Studio Solution File, Format Version 12.00
# Visual Studio Version 17
VisualStudioVersion = 17.10.35027.167
MinimumVisualStudioVersion = 10.0.40219.1
Project("{FAE04EC0-301F-11D3-BF4B-00C04F79EFBC}") = "CrudCore", "CrudCore.csproj", "{4A1DE7E7-F82C-4E9E-9EC2-41FE8F4FEA57}"
EndProject
Global
	GlobalSection(SolutionConfigurationPlatforms) = preSolution
		Debug|Any CPU = Debug|Any CPU
		Release|Any CPU = Release|Any CPU
	EndGlobalSection
	GlobalSection(ProjectConfigurationPlatforms) = postSolution
		{4A1DE7E7-F82C-4E9E-9EC2-41FE8F4FEA57}.Debug|Any CPU.ActiveCfg = Debug|Any CPU
		{4A1DE7E7-F82C-4E9E-9EC2-41FE8F4FEA57}.Debug|Any CPU.Build.0 = Debug|Any CPU
		{4A1DE7E7-F82C-4E9E-9EC2-41FE8F4FEA57}.Release|Any CPU.ActiveCfg = Release|Any CPU
		{4A1DE7E7-F82C-4E9E-9EC2-41FE8F4FEA57}.Release|Any CPU.Build.0 = Release|Any CPU
	EndGlobalSection
	GlobalSection(SolutionProperties) = preSolution
		HideSolutionNode = FALSE
	EndGlobalSection
	GlobalSection(ExtensibilityGlobals) = postSolution
		SolutionGuid = {8C1D5B6D-49FD-4140-AF8E-ECA46DD7DCA0}
	EndGlobalSection
EndGlobal
